
Microsoft Visual Studio Solution File, Format Version 12.00
# Visual Studio 15
VisualStudioVersion = 15.0.27004.2008
MinimumVisualStudioVersion = 10.0.40219.1
Project("{9092AA53-FB77-4645-B42D-1CCCA6BD08BD}") = "WidgetService", "WidgetService\WidgetService.njsproj", "{DEF466A4-41ED-48AB-9929-4A35D6ADCEE9}"
EndProject
Global
	GlobalSection(SolutionConfigurationPlatforms) = preSolution
		Debug|Any CPU = Debug|Any CPU
		Release|Any CPU = Release|Any CPU
	EndGlobalSection
	GlobalSection(ProjectConfigurationPlatforms) = postSolution
		{DEF466A4-41ED-48AB-9929-4A35D6ADCEE9}.Debug|Any CPU.ActiveCfg = Debug|Any CPU
		{DEF466A4-41ED-48AB-9929-4A35D6ADCEE9}.Debug|Any CPU.Build.0 = Debug|Any CPU
		{DEF466A4-41ED-48AB-9929-4A35D6ADCEE9}.Release|Any CPU.ActiveCfg = Release|Any CPU
		{DEF466A4-41ED-48AB-9929-4A35D6ADCEE9}.Release|Any CPU.Build.0 = Release|Any CPU
	EndGlobalSection
	GlobalSection(SolutionProperties) = preSolution
		HideSolutionNode = FALSE
	EndGlobalSection
	GlobalSection(ExtensibilityGlobals) = postSolution
		SolutionGuid = {C0D77A83-C00C-45BA-8615-26F18DBEA6D8}
	EndGlobalSection
EndGlobal
